
Microsoft Visual Studio Solution File, Format Version 12.00
# Visual Studio Version 17
VisualStudioVersion = 17.9.34902.65
MinimumVisualStudioVersion = 10.0.40219.1
Project("{9A19103F-16F7-4668-BE54-9A1E7A4F7556}") = "NewsletterProvider", "NewsletterProvider\NewsletterProvider.csproj", "{BD8FD4A6-D87B-4279-A17B-07C5ED4E8F5B}"
EndProject
Project("{9A19103F-16F7-4668-BE54-9A1E7A4F7556}") = "Data", "Data\Data.csproj", "{D00A6A64-87F6-46B7-A3AC-F1BEDBBC8171}"
EndProject
Global
	GlobalSection(SolutionConfigurationPlatforms) = preSolution
		Debug|Any CPU = Debug|Any CPU
		Release|Any CPU = Release|Any CPU
	EndGlobalSection
	GlobalSection(ProjectConfigurationPlatforms) = postSolution
		{BD8FD4A6-D87B-4279-A17B-07C5ED4E8F5B}.Debug|Any CPU.ActiveCfg = Debug|Any CPU
		{BD8FD4A6-D87B-4279-A17B-07C5ED4E8F5B}.Debug|Any CPU.Build.0 = Debug|Any CPU
		{BD8FD4A6-D87B-4279-A17B-07C5ED4E8F5B}.Release|Any CPU.ActiveCfg = Release|Any CPU
		{BD8FD4A6-D87B-4279-A17B-07C5ED4E8F5B}.Release|Any CPU.Build.0 = Release|Any CPU
		{D00A6A64-87F6-46B7-A3AC-F1BEDBBC8171}.Debug|Any CPU.ActiveCfg = Debug|Any CPU
		{D00A6A64-87F6-46B7-A3AC-F1BEDBBC8171}.Debug|Any CPU.Build.0 = Debug|Any CPU
		{D00A6A64-87F6-46B7-A3AC-F1BEDBBC8171}.Release|Any CPU.ActiveCfg = Release|Any CPU
		{D00A6A64-87F6-46B7-A3AC-F1BEDBBC8171}.Release|Any CPU.Build.0 = Release|Any CPU
	EndGlobalSection
	GlobalSection(SolutionProperties) = preSolution
		HideSolutionNode = FALSE
	EndGlobalSection
	GlobalSection(ExtensibilityGlobals) = postSolution
		SolutionGuid = {9F80D202-E8F8-46E8-8CBF-940072DAEA4B}
	EndGlobalSection
EndGlobal
